
Microsoft Visual Studio Solution File, Format Version 12.00
# Visual Studio Version 17
VisualStudioVersion = 17.7.34031.279
MinimumVisualStudioVersion = 10.0.40219.1
Project("{9A19103F-16F7-4668-BE54-9A1E7A4F7556}") = "DistLab2", "DistLab2\DistLab2.csproj", "{92C44A37-160D-49E0-980A-EE7324123C0C}"
EndProject
Global
	GlobalSection(SolutionConfigurationPlatforms) = preSolution
		Debug|Any CPU = Debug|Any CPU
		Release|Any CPU = Release|Any CPU
	EndGlobalSection
	GlobalSection(ProjectConfigurationPlatforms) = postSolution
		{92C44A37-160D-49E0-980A-EE7324123C0C}.Debug|Any CPU.ActiveCfg = Debug|Any CPU
		{92C44A37-160D-49E0-980A-EE7324123C0C}.Debug|Any CPU.Build.0 = Debug|Any CPU
		{92C44A37-160D-49E0-980A-EE7324123C0C}.Release|Any CPU.ActiveCfg = Release|Any CPU
		{92C44A37-160D-49E0-980A-EE7324123C0C}.Release|Any CPU.Build.0 = Release|Any CPU
	EndGlobalSection
	GlobalSection(SolutionProperties) = preSolution
		HideSolutionNode = FALSE
	EndGlobalSection
	GlobalSection(ExtensibilityGlobals) = postSolution
		SolutionGuid = {8A655783-B203-4AEA-8C3B-A09F75B8A2C4}
	EndGlobalSection
EndGlobal
